
Microsoft Visual Studio Solution File, Format Version 12.00
# Visual Studio Version 17
VisualStudioVersion = 17.14.36414.22 d17.14
MinimumVisualStudioVersion = 10.0.40219.1
Project("{FAE04EC0-301F-11D3-BF4B-00C04F79EFBC}") = "AIResumeMatchAnalyzer", "AIResumeMatchAnalyzer\AIResumeMatchAnalyzer.csproj", "{0C9DBE3A-7382-4D4A-B980-30B51E42C54C}"
EndProject
Project("{FAE04EC0-301F-11D3-BF4B-00C04F79EFBC}") = "AIResumeMatchAnalyzer.Application", "AIResumeMatchAnalyzer.Application\AIResumeMatchAnalyzer.Application.csproj", "{C6BB9355-E7A8-4BFB-98B5-66E4B6F3B9A5}"
EndProject
Project("{FAE04EC0-301F-11D3-BF4B-00C04F79EFBC}") = "AIResumeMatchAnalyzer.Infrastructure", "AIResumeMatchAnalyzer.Infrastructure\AIResumeMatchAnalyzer.Infrastructure.csproj", "{81C3F1FE-6182-4A22-8B92-DD49F1E968B6}"
EndProject
Global
	GlobalSection(SolutionConfigurationPlatforms) = preSolution
		Debug|Any CPU = Debug|Any CPU
		Release|Any CPU = Release|Any CPU
	EndGlobalSection
	GlobalSection(ProjectConfigurationPlatforms) = postSolution
		{0C9DBE3A-7382-4D4A-B980-30B51E42C54C}.Debug|Any CPU.ActiveCfg = Debug|Any CPU
		{0C9DBE3A-7382-4D4A-B980-30B51E42C54C}.Debug|Any CPU.Build.0 = Debug|Any CPU
		{0C9DBE3A-7382-4D4A-B980-30B51E42C54C}.Release|Any CPU.ActiveCfg = Release|Any CPU
		{0C9DBE3A-7382-4D4A-B980-30B51E42C54C}.Release|Any CPU.Build.0 = Release|Any CPU
		{C6BB9355-E7A8-4BFB-98B5-66E4B6F3B9A5}.Debug|Any CPU.ActiveCfg = Debug|Any CPU
		{C6BB9355-E7A8-4BFB-98B5-66E4B6F3B9A5}.Debug|Any CPU.Build.0 = Debug|Any CPU
		{C6BB9355-E7A8-4BFB-98B5-66E4B6F3B9A5}.Release|Any CPU.ActiveCfg = Release|Any CPU
		{C6BB9355-E7A8-4BFB-98B5-66E4B6F3B9A5}.Release|Any CPU.Build.0 = Release|Any CPU
		{81C3F1FE-6182-4A22-8B92-DD49F1E968B6}.Debug|Any CPU.ActiveCfg = Debug|Any CPU
		{81C3F1FE-6182-4A22-8B92-DD49F1E968B6}.Debug|Any CPU.Build.0 = Debug|Any CPU
		{81C3F1FE-6182-4A22-8B92-DD49F1E968B6}.Release|Any CPU.ActiveCfg = Release|Any CPU
		{81C3F1FE-6182-4A22-8B92-DD49F1E968B6}.Release|Any CPU.Build.0 = Release|Any CPU
	EndGlobalSection
	GlobalSection(SolutionProperties) = preSolution
		HideSolutionNode = FALSE
	EndGlobalSection
	GlobalSection(ExtensibilityGlobals) = postSolution
		SolutionGuid = {657C81F6-CCF6-46AB-A0C0-83DC8396F421}
	EndGlobalSection
EndGlobal
